
Microsoft Visual Studio Solution File, Format Version 12.00
# Visual Studio Version 17
VisualStudioVersion = 17.5.002.0
MinimumVisualStudioVersion = 10.0.40219.1
Project("{9A19103F-16F7-4668-BE54-9A1E7A4F7556}") = "Projeto_Web-Lh_Pets_Alunos", "Projeto_Web-Lh_Pets_Alunos.csproj", "{B82345D7-9849-4854-B299-06224472CDC5}"
EndProject
Global
	GlobalSection(SolutionConfigurationPlatforms) = preSolution
		Debug|Any CPU = Debug|Any CPU
		Release|Any CPU = Release|Any CPU
	EndGlobalSection
	GlobalSection(ProjectConfigurationPlatforms) = postSolution
		{B82345D7-9849-4854-B299-06224472CDC5}.Debug|Any CPU.ActiveCfg = Debug|Any CPU
		{B82345D7-9849-4854-B299-06224472CDC5}.Debug|Any CPU.Build.0 = Debug|Any CPU
		{B82345D7-9849-4854-B299-06224472CDC5}.Release|Any CPU.ActiveCfg = Release|Any CPU
		{B82345D7-9849-4854-B299-06224472CDC5}.Release|Any CPU.Build.0 = Release|Any CPU
	EndGlobalSection
	GlobalSection(SolutionProperties) = preSolution
		HideSolutionNode = FALSE
	EndGlobalSection
	GlobalSection(ExtensibilityGlobals) = postSolution
		SolutionGuid = {AC129591-49BC-4426-BC9B-5F924913FF06}
	EndGlobalSection
EndGlobal
